// !$*UTF8*$!
{
	archiveVersion = 1;
	classes = {
	};
	objectVersion = 56;
	objects = {

/* Begin PBXBuildFile section */
		F99C94E32BB1E16E00F49A83 /* AppDelegate.swift in Sources */ = {isa = PBXBuildFile; fileRef = F99C94E22BB1E16E00F49A83 /* AppDelegate.swift */; };
		F99C94E52BB1E16E00F49A83 /* SceneDelegate.swift in Sources */ = {isa = PBXBuildFile; fileRef = F99C94E42BB1E16E00F49A83 /* SceneDelegate.swift */; };
		F99C94E72BB1E16E00F49A83 /* TableViewController.swift in Sources */ = {isa = PBXBuildFile; fileRef = F99C94E62BB1E16E00F49A83 /* TableViewController.swift */; };
		F99C94EA2BB1E16E00F49A83 /* Main.storyboard in Resources */ = {isa = PBXBuildFile; fileRef = F99C94E82BB1E16E00F49A83 /* Main.storyboard */; };
		F99C94EC2BB1E16F00F49A83 /* Assets.xcassets in Resources */ = {isa = PBXBuildFile; fileRef = F99C94EB2BB1E16F00F49A83 /* Assets.xcassets */; };
		F99C94EF2BB1E16F00F49A83 /* LaunchScreen.storyboard in Resources */ = {isa = PBXBuildFile; fileRef = F99C94ED2BB1E16F00F49A83 /* LaunchScreen.storyboard */; };
		F99C94F82BB1E87000F49A83 /* webServices.swift in Sources */ = {isa = PBXBuildFile; fileRef = F99C94F72BB1E87000F49A83 /* webServices.swift */; };
		F99C94FB2BB1EFAB00F49A83 /* Article.swift in Sources */ = {isa = PBXBuildFile; fileRef = F99C94FA2BB1EFAB00F49A83 /* Article.swift */; };
		F99C94FE2BB1F29200F49A83 /* ArticleViewModel.swift in Sources */ = {isa = PBXBuildFile; fileRef = F99C94FD2BB1F29200F49A83 /* ArticleViewModel.swift */; };
		F99C95012BB1FB4B00F49A83 /* ArticleTableViewCell.swift in Sources */ = {isa = PBXBuildFile; fileRef = F99C95002BB1FB4B00F49A83 /* ArticleTableViewCell.swift */; };
/* End PBXBuildFile section */

/* Begin PBXFileReference section */
		F99C94DF2BB1E16E00F49A83 /* NewsApp.app */ = {isa = PBXFileReference; explicitFileType = wrapper.application; includeInIndex = 0; path = NewsApp.app; sourceTree = BUILT_PRODUCTS_DIR; };
		F99C94E22BB1E16E00F49A83 /* AppDelegate.swift */ = {isa = PBXFileReference; lastKnownFileType = sourcecode.swift; path = AppDelegate.swift; sourceTree = "<group>"; };
		F99C94E42BB1E16E00F49A83 /* SceneDelegate.swift */ = {isa = PBXFileReference; lastKnownFileType = sourcecode.swift; path = SceneDelegate.swift; sourceTree = "<group>"; };
		F99C94E62BB1E16E00F49A83 /* TableViewController.swift */ = {isa = PBXFileReference; lastKnownFileType = sourcecode.swift; path = TableViewController.swift; sourceTree = "<group>"; };
		F99C94E92BB1E16E00F49A83 /* Base */ = {isa = PBXFileReference; lastKnownFileType = file.storyboard; name = Base; path = Base.lproj/Main.storyboard; sourceTree = "<group>"; };
		F99C94EB2BB1E16F00F49A83 /* Assets.xcassets */ = {isa = PBXFileReference; lastKnownFileType = folder.assetcatalog; path = Assets.xcassets; sourceTree = "<group>"; };
		F99C94EE2BB1E16F00F49A83 /* Base */ = {isa = PBXFileReference; lastKnownFileType = file.storyboard; name = Base; path = Base.lproj/LaunchScreen.storyboard; sourceTree = "<group>"; };
		F99C94F02BB1E16F00F49A83 /* Info.plist */ = {isa = PBXFileReference; lastKnownFileType = text.plist.xml; path = Info.plist; sourceTree = "<group>"; };
		F99C94F72BB1E87000F49A83 /* webServices.swift */ = {isa = PBXFileReference; lastKnownFileType = sourcecode.swift; path = webServices.swift; sourceTree = "<group>"; };
		F99C94FA2BB1EFAB00F49A83 /* Article.swift */ = {isa = PBXFileReference; lastKnownFileType = sourcecode.swift; path = Article.swift; sourceTree = "<group>"; };
		F99C94FD2BB1F29200F49A83 /* ArticleViewModel.swift */ = {isa = PBXFileReference; lastKnownFileType = sourcecode.swift; path = ArticleViewModel.swift; sourceTree = "<group>"; };
		F99C95002BB1FB4B00F49A83 /* ArticleTableViewCell.swift */ = {isa = PBXFileReference; lastKnownFileType = sourcecode.swift; path = ArticleTableViewCell.swift; sourceTree = "<group>"; };
/* End PBXFileReference section */

/* Begin PBXFrameworksBuildPhase section */
		F99C94DC2BB1E16E00F49A83 /* Frameworks */ = {
			isa = PBXFrameworksBuildPhase;
			buildActionMask = 2147483647;
			files = (
			);
			runOnlyForDeploymentPostprocessing = 0;
		};
/* End PBXFrameworksBuildPhase section */

/* Begin PBXGroup section */
		F99C94D62BB1E16E00F49A83 = {
			isa = PBXGroup;
			children = (
				F99C94E12BB1E16E00F49A83 /* NewsApp */,
				F99C94E02BB1E16E00F49A83 /* Products */,
			);
			sourceTree = "<group>";
		};
		F99C94E02BB1E16E00F49A83 /* Products */ = {
			isa = PBXGroup;
			children = (
				F99C94DF2BB1E16E00F49A83 /* NewsApp.app */,
			);
			name = Products;
			sourceTree = "<group>";
		};
		F99C94E12BB1E16E00F49A83 /* NewsApp */ = {
			isa = PBXGroup;
			children = (
				F99C94FF2BB1FB2100F49A83 /* Cell */,
				F99C94FC2BB1F25700F49A83 /* ViewModel */,
				F99C94F92BB1EED300F49A83 /* Model */,
				F99C94F62BB1E85900F49A83 /* Services */,
				F99C94E22BB1E16E00F49A83 /* AppDelegate.swift */,
				F99C94E42BB1E16E00F49A83 /* SceneDelegate.swift */,
				F99C94E62BB1E16E00F49A83 /* TableViewController.swift */,
				F99C94E82BB1E16E00F49A83 /* Main.storyboard */,
				F99C94EB2BB1E16F00F49A83 /* Assets.xcassets */,
				F99C94ED2BB1E16F00F49A83 /* LaunchScreen.storyboard */,
				F99C94F02BB1E16F00F49A83 /* Info.plist */,
			);
			path = NewsApp;
			sourceTree = "<group>";
		};
		F99C94F62BB1E85900F49A83 /* Services */ = {
			isa = PBXGroup;
			children = (
				F99C94F72BB1E87000F49A83 /* webServices.swift */,
			);
			path = Services;
			sourceTree = "<group>";
		};
		F99C94F92BB1EED300F49A83 /* Model */ = {
			isa = PBXGroup;
			children = (
				F99C94FA2BB1EFAB00F49A83 /* Article.swift */,
			);
			path = Model;
			sourceTree = "<group>";
		};
		F99C94FC2BB1F25700F49A83 /* ViewModel */ = {
			isa = PBXGroup;
			children = (
				F99C94FD2BB1F29200F49A83 /* ArticleViewModel.swift */,
			);
			path = ViewModel;
			sourceTree = "<group>";
		};
		F99C94FF2BB1FB2100F49A83 /* Cell */ = {
			isa = PBXGroup;
			children = (
				F99C95002BB1FB4B00F49A83 /* ArticleTableViewCell.swift */,
			);
			path = Cell;
			sourceTree = "<group>";
		};
/* End PBXGroup section */

/* Begin PBXNativeTarget section */
		F99C94DE2BB1E16E00F49A83 /* NewsApp */ = {
			isa = PBXNativeTarget;
			buildConfigurationList = F99C94F32BB1E16F00F49A83 /* Build configuration list for PBXNativeTarget "NewsApp" */;
			buildPhases = (
				F99C94DB2BB1E16E00F49A83 /* Sources */,
				F99C94DC2BB1E16E00F49A83 /* Frameworks */,
				F99C94DD2BB1E16E00F49A83 /* Resources */,
			);
			buildRules = (
			);
			dependencies = (
			);
			name = NewsApp;
			productName = NewsApp;
			productReference = F99C94DF2BB1E16E00F49A83 /* NewsApp.app */;
			productType = "com.apple.product-type.application";
		};
/* End PBXNativeTarget section */

/* Begin PBXProject section */
		F99C94D72BB1E16E00F49A83 /* Project object */ = {
			isa = PBXProject;
			attributes = {
				BuildIndependentTargetsInParallel = 1;
				LastSwiftUpdateCheck = 1520;
				LastUpgradeCheck = 1520;
				TargetAttributes = {
					F99C94DE2BB1E16E00F49A83 = {
						CreatedOnToolsVersion = 15.2;
					};
				};
			};
			buildConfigurationList = F99C94DA2BB1E16E00F49A83 /* Build configuration list for PBXProject "NewsApp" */;
			compatibilityVersion = "Xcode 14.0";
			developmentRegion = en;
			hasScannedForEncodings = 0;
			knownRegions = (
				en,
				Base,
			);
			mainGroup = F99C94D62BB1E16E00F49A83;
			productRefGroup = F99C94E02BB1E16E00F49A83 /* Products */;
			projectDirPath = "";
			projectRoot = "";
			targets = (
				F99C94DE2BB1E16E00F49A83 /* NewsApp */,
			);
		};
/* End PBXProject section */

/* Begin PBXResourcesBuildPhase section */
		F99C94DD2BB1E16E00F49A83 /* Resources */ = {
			isa = PBXResourcesBuildPhase;
			buildActionMask = 2147483647;
			files = (
				F99C94EF2BB1E16F00F49A83 /* LaunchScreen.storyboard in Resources */,
				F99C94EC2BB1E16F00F49A83 /* Assets.xcassets in Resources */,
				F99C94EA2BB1E16E00F49A83 /* Main.storyboard in Resources */,
			);
			runOnlyForDeploymentPostprocessing = 0;
		};
/* End PBXResourcesBuildPhase section */

/* Begin PBXSourcesBuildPhase section */
		F99C94DB2BB1E16E00F49A83 /* Sources */ = {
			isa = PBXSourcesBuildPhase;
			buildActionMask = 2147483647;
			files = (
				F99C94E72BB1E16E00F49A83 /* TableViewController.swift in Sources */,
				F99C94E32BB1E16E00F49A83 /* AppDelegate.swift in Sources */,
				F99C94F82BB1E87000F49A83 /* webServices.swift in Sources */,
				F99C94FE2BB1F29200F49A83 /* ArticleViewModel.swift in Sources */,
				F99C94E52BB1E16E00F49A83 /* SceneDelegate.swift in Sources */,
				F99C95012BB1FB4B00F49A83 /* ArticleTableViewCell.swift in Sources */,
				F99C94FB2BB1EFAB00F49A83 /* Article.swift in Sources */,
			);
			runOnlyForDeploymentPostprocessing = 0;
		};
/* End PBXSourcesBuildPhase section */

/* Begin PBXVariantGroup section */
		F99C94E82BB1E16E00F49A83 /* Main.storyboard */ = {
			isa = PBXVariantGroup;
			children = (
				F99C94E92BB1E16E00F49A83 /* Base */,
			);
			name = Main.storyboard;
			sourceTree = "<group>";
		};
		F99C94ED2BB1E16F00F49A83 /* LaunchScreen.storyboard */ = {
			isa = PBXVariantGroup;
			children = (
				F99C94EE2BB1E16F00F49A83 /* Base */,
			);
			name = LaunchScreen.storyboard;
			sourceTree = "<group>";
		};
/* End PBXVariantGroup section */

/* Begin XCBuildConfiguration section */
		F99C94F12BB1E16F00F49A83 /* Debug */ = {
			isa = XCBuildConfiguration;
			buildSettings = {
				ALWAYS_SEARCH_USER_PATHS = NO;
				ASSETCATALOG_COMPILER_GENERATE_SWIFT_ASSET_SYMBOL_EXTENSIONS = YES;
				CLANG_ANALYZER_NONNULL = YES;
				CLANG_ANALYZER_NUMBER_OBJECT_CONVERSION = YES_AGGRESSIVE;
				CLANG_CXX_LANGUAGE_STANDARD = "gnu++20";
				CLANG_ENABLE_MODULES = YES;
				CLANG_ENABLE_OBJC_ARC = YES;
				CLANG_ENABLE_OBJC_WEAK = YES;
				CLANG_WARN_BLOCK_CAPTURE_AUTORELEASING = YES;
				CLANG_WARN_BOOL_CONVERSION = YES;
				CLANG_WARN_COMMA = YES;
				CLANG_WARN_CONSTANT_CONVERSION = YES;
				CLANG_WARN_DEPRECATED_OBJC_IMPLEMENTATIONS = YES;
				CLANG_WARN_DIRECT_OBJC_ISA_USAGE = YES_ERROR;
				CLANG_WARN_DOCUMENTATION_COMMENTS = YES;
				CLANG_WARN_EMPTY_BODY = YES;
				CLANG_WARN_ENUM_CONVERSION = YES;
				CLANG_WARN_INFINITE_RECURSION = YES;
				CLANG_WARN_INT_CONVERSION = YES;
				CLANG_WARN_NON_LITERAL_NULL_CONVERSION = YES;
				CLANG_WARN_OBJC_IMPLICIT_RETAIN_SELF = YES;
				CLANG_WARN_OBJC_LITERAL_CONVERSION = YES;
				CLANG_WARN_OBJC_ROOT_CLASS = YES_ERROR;
				CLANG_WARN_QUOTED_INCLUDE_IN_FRAMEWORK_HEADER = YES;
				CLANG_WARN_RANGE_LOOP_ANALYSIS = YES;
				CLANG_WARN_STRICT_PROTOTYPES = YES;
				CLANG_WARN_SUSPICIOUS_MOVE = YES;
				CLANG_WARN_UNGUARDED_AVAILABILITY = YES_AGGRESSIVE;
				CLANG_WARN_UNREACHABLE_CODE = YES;
				CLANG_WARN__DUPLICATE_METHOD_MATCH = YES;
				COPY_PHASE_STRIP = NO;
				DEBUG_INFORMATION_FORMAT = dwarf;
				ENABLE_STRICT_OBJC_MSGSEND = YES;
				ENABLE_TESTABILITY = YES;
				ENABLE_USER_SCRIPT_SANDBOXING = YES;
				GCC_C_LANGUAGE_STANDARD = gnu17;
				GCC_DYNAMIC_NO_PIC = NO;
				GCC_NO_COMMON_BLOCKS = YES;
				GCC_OPTIMIZATION_LEVEL = 0;
				GCC_PREPROCESSOR_DEFINITIONS = (
					"DEBUG=1",
					"$(inherited)",
				);
				GCC_WARN_64_TO_32_BIT_CONVERSION = YES;
				GCC_WARN_ABOUT_RETURN_TYPE = YES_ERROR;
				GCC_WARN_UNDECLARED_SELECTOR = YES;
				GCC_WARN_UNINITIALIZED_AUTOS = YES_AGGRESSIVE;
				GCC_WARN_UNUSED_FUNCTION = YES;
				GCC_WARN_UNUSED_VARIABLE = YES;
				IPHONEOS_DEPLOYMENT_TARGET = 17.2;
				LOCALIZATION_PREFERS_STRING_CATALOGS = YES;
				MTL_ENABLE_DEBUG_INFO = INCLUDE_SOURCE;
				MTL_FAST_MATH = YES;
				ONLY_ACTIVE_ARCH = YES;
				SDKROOT = iphoneos;
				SWIFT_ACTIVE_COMPILATION_CONDITIONS = "DEBUG $(inherited)";
				SWIFT_OPTIMIZATION_LEVEL = "-Onone";
			};
			name = Debug;
		};
		F99C94F22BB1E16F00F49A83 /* Release */ = {
			isa = XCBuildConfiguration;
			buildSettings = {
				ALWAYS_SEARCH_USER_PATHS = NO;
				ASSETCATALOG_COMPILER_GENERATE_SWIFT_ASSET_SYMBOL_EXTENSIONS = YES;
				CLANG_ANALYZER_NONNULL = YES;
				CLANG_ANALYZER_NUMBER_OBJECT_CONVERSION = YES_AGGRESSIVE;
				CLANG_CXX_LANGUAGE_STANDARD = "gnu++20";
				CLANG_ENABLE_MODULES = YES;
				CLANG_ENABLE_OBJC_ARC = YES;
				CLANG_ENABLE_OBJC_WEAK = YES;
				CLANG_WARN_BLOCK_CAPTURE_AUTORELEASING = YES;
				CLANG_WARN_BOOL_CONVERSION = YES;
				CLANG_WARN_COMMA = YES;
				CLANG_WARN_CONSTANT_CONVERSION = YES;
				CLANG_WARN_DEPRECATED_OBJC_IMPLEMENTATIONS = YES;
				CLANG_WARN_DIRECT_OBJC_ISA_USAGE = YES_ERROR;
				CLANG_WARN_DOCUMENTATION_COMMENTS = YES;
				CLANG_WARN_EMPTY_BODY = YES;
				CLANG_WARN_ENUM_CONVERSION = YES;
				CLANG_WARN_INFINITE_RECURSION = YES;
				CLANG_WARN_INT_CONVERSION = YES;
				CLANG_WARN_NON_LITERAL_NULL_CONVERSION = YES;
				CLANG_WARN_OBJC_IMPLICIT_RETAIN_SELF = YES;
				CLANG_WARN_OBJC_LITERAL_CONVERSION = YES;
				CLANG_WARN_OBJC_ROOT_CLASS = YES_ERROR;
				CLANG_WARN_QUOTED_INCLUDE_IN_FRAMEWORK_HEADER = YES;
				CLANG_WARN_RANGE_LOOP_ANALYSIS = YES;
				CLANG_WARN_STRICT_PROTOTYPES = YES;
				CLANG_WARN_SUSPICIOUS_MOVE = YES;
				CLANG_WARN_UNGUARDED_AVAILABILITY = YES_AGGRESSIVE;
				CLANG_WARN_UNREACHABLE_CODE = YES;
				CLANG_WARN__DUPLICATE_METHOD_MATCH = YES;
				COPY_PHASE_STRIP = NO;
				DEBUG_INFORMATION_FORMAT = "dwarf-with-dsym";
				ENABLE_NS_ASSERTIONS = NO;
				ENABLE_STRICT_OBJC_MSGSEND = YES;
				ENABLE_USER_SCRIPT_SANDBOXING = YES;
				GCC_C_LANGUAGE_STANDARD = gnu17;
				GCC_NO_COMMON_BLOCKS = YES;
				GCC_WARN_64_TO_32_BIT_CONVERSION = YES;
				GCC_WARN_ABOUT_RETURN_TYPE = YES_ERROR;
				GCC_WARN_UNDECLARED_SELECTOR = YES;
				GCC_WARN_UNINITIALIZED_AUTOS = YES_AGGRESSIVE;
				GCC_WARN_UNUSED_FUNCTION = YES;
				GCC_WARN_UNUSED_VARIABLE = YES;
				IPHONEOS_DEPLOYMENT_TARGET = 17.2;
				LOCALIZATION_PREFERS_STRING_CATALOGS = YES;
				MTL_ENABLE_DEBUG_INFO = NO;
				MTL_FAST_MATH = YES;
				SDKROOT = iphoneos;
				SWIFT_COMPILATION_MODE = wholemodule;
				VALIDATE_PRODUCT = YES;
			};
			name = Release;
		};
		F99C94F42BB1E16F00F49A83 /* Debug */ = {
			isa = XCBuildConfiguration;
			buildSettings = {
				ASSETCATALOG_COMPILER_APPICON_NAME = AppIcon;
				ASSETCATALOG_COMPILER_GLOBAL_ACCENT_COLOR_NAME = AccentColor;
				CODE_SIGN_STYLE = Automatic;
				CURRENT_PROJECT_VERSION = 1;
				DEVELOPMENT_TEAM = PC82KTUFV9;
				GENERATE_INFOPLIST_FILE = YES;
				INFOPLIST_FILE = NewsApp/Info.plist;
				INFOPLIST_KEY_UIApplicationSupportsIndirectInputEvents = YES;
				INFOPLIST_KEY_UILaunchStoryboardName = LaunchScreen;
				INFOPLIST_KEY_UIMainStoryboardFile = Main;
				INFOPLIST_KEY_UISupportedInterfaceOrientations_iPad = "UIInterfaceOrientationPortrait UIInterfaceOrientationPortraitUpsideDown UIInterfaceOrientationLandscapeLeft UIInterfaceOrientationLandscapeRight";
				INFOPLIST_KEY_UISupportedInterfaceOrientations_iPhone = "UIInterfaceOrientationPortrait UIInterfaceOrientationLandscapeLeft UIInterfaceOrientationLandscapeRight";
				LD_RUNPATH_SEARCH_PATHS = (
					"$(inherited)",
					"@executable_path/Frameworks",
				);
				MARKETING_VERSION = 1.0;
				PRODUCT_BUNDLE_IDENTIFIER = "com.I-am-rich.NewsApp";
				PRODUCT_NAME = "$(TARGET_NAME)";
				SWIFT_EMIT_LOC_STRINGS = YES;
				SWIFT_VERSION = 5.0;
				TARGETED_DEVICE_FAMILY = "1,2";
			};
			name = Debug;
		};
		F99C94F52BB1E16F00F49A83 /* Release */ = {
			isa = XCBuildConfiguration;
			buildSettings = {
				ASSETCATALOG_COMPILER_APPICON_NAME = AppIcon;
				ASSETCATALOG_COMPILER_GLOBAL_ACCENT_COLOR_NAME = AccentColor;
				CODE_SIGN_STYLE = Automatic;
				CURRENT_PROJECT_VERSION = 1;
				DEVELOPMENT_TEAM = PC82KTUFV9;
				GENERATE_INFOPLIST_FILE = YES;
				INFOPLIST_FILE = NewsApp/Info.plist;
				INFOPLIST_KEY_UIApplicationSupportsIndirectInputEvents = YES;
				INFOPLIST_KEY_UILaunchStoryboardName = LaunchScreen;
				INFOPLIST_KEY_UIMainStoryboardFile = Main;
				INFOPLIST_KEY_UISupportedInterfaceOrientations_iPad = "UIInterfaceOrientationPortrait UIInterfaceOrientationPortraitUpsideDown UIInterfaceOrientationLandscapeLeft UIInterfaceOrientationLandscapeRight";
				INFOPLIST_KEY_UISupportedInterfaceOrientations_iPhone = "UIInterfaceOrientationPortrait UIInterfaceOrientationLandscapeLeft UIInterfaceOrientationLandscapeRight";
				LD_RUNPATH_SEARCH_PATHS = (
					"$(inherited)",
					"@executable_path/Frameworks",
				);
				MARKETING_VERSION = 1.0;
				PRODUCT_BUNDLE_IDENTIFIER = "com.I-am-rich.NewsApp";
				PRODUCT_NAME = "$(TARGET_NAME)";
				SWIFT_EMIT_LOC_STRINGS = YES;
				SWIFT_VERSION = 5.0;
				TARGETED_DEVICE_FAMILY = "1,2";
			};
			name = Release;
		};
/* End XCBuildConfiguration section */

/* Begin XCConfigurationList section */
		F99C94DA2BB1E16E00F49A83 /* Build configuration list for PBXProject "NewsApp" */ = {
			isa = XCConfigurationList;
			buildConfigurations = (
				F99C94F12BB1E16F00F49A83 /* Debug */,
				F99C94F22BB1E16F00F49A83 /* Release */,
			);
			defaultConfigurationIsVisible = 0;
			defaultConfigurationName = Release;
		};
		F99C94F32BB1E16F00F49A83 /* Build configuration list for PBXNativeTarget "NewsApp" */ = {
			isa = XCConfigurationList;
			buildConfigurations = (
				F99C94F42BB1E16F00F49A83 /* Debug */,
				F99C94F52BB1E16F00F49A83 /* Release */,
			);
			defaultConfigurationIsVisible = 0;
			defaultConfigurationName = Release;
		};
/* End XCConfigurationList section */
	};
	rootObject = F99C94D72BB1E16E00F49A83 /* Project object */;
}
